# G6.20 Qwen 1.5B benchmark candidate lock; review evidence, not release approval.
RUNTIME_REPOSITORY=https://github.com/ggml-org/llama.cpp
RUNTIME_REVISION=b23701f77d47dad9de834d59ebfcbe25c9e8b46f
RUNTIME_LICENSE=MIT
MODEL_FAMILY=Qwen2.5-1.5B-Instruct
MODEL_REPOSITORY=https://huggingface.co/bartowski/Qwen2.5-1.5B-Instruct-GGUF
MODEL_REVISION=ec7a7a1a4d6ff0f562a01d41672912bacd9a56b3
MODEL_ARTIFACT=Qwen2.5-1.5B-Instruct-Q4_K_M.gguf
MODEL_SHA256=1adf0b11065d8ad2e8123ea110d1ec956dab4ab038eab665614adba04b6c3370
MODEL_BYTES=986048768
MODEL_FORMAT=GGUF
MODEL_QUANTIZATION=Q4_K_M
MODEL_LICENSE=Apache-2.0
ANDROID_NDK=28.2.13676358
CMAKE_VERSION=3.22.1
